
Microsoft Visual Studio Solution File, Format Version 12.00
# Visual Studio Version 17
VisualStudioVersion = 17.0.32126.317
MinimumVisualStudioVersion = 10.0.40219.1
Project("{9A19103F-16F7-4668-BE54-9A1E7A4F7556}") = "Operators", "Operators\Operators.csproj", "{FEC281B0-6A5C-4B79-A8E6-311F8DCBB374}"
EndProject
Project("{9A19103F-16F7-4668-BE54-9A1E7A4F7556}") = "BooleanOperators", "BooleanOperators\BooleanOperators.csproj", "{BDC4242B-CBBC-46DE-AEA3-C3BED0F69E95}"
EndProject
Project("{9A19103F-16F7-4668-BE54-9A1E7A4F7556}") = "BitwiseAndShiftOperators", "BitwiseAndShiftOperators\BitwiseAndShiftOperators.csproj", "{C05FB1FE-3E52-45ED-9034-09333FBBD746}"
EndProject
Project("{9A19103F-16F7-4668-BE54-9A1E7A4F7556}") = "SelectStatements", "SelectStatements\SelectStatements.csproj", "{88D2ED6E-04DE-453F-9CD0-2A19F4E27BA4}"
EndProject
Project("{9A19103F-16F7-4668-BE54-9A1E7A4F7556}") = "Iteration statements", "Iteration statements\Iteration statements.csproj", "{767771FF-0E2B-4A47-87AA-96798D2006ED}"
EndProject
Project("{9A19103F-16F7-4668-BE54-9A1E7A4F7556}") = "CastingAndConverting", "CastingAndConverting\CastingAndConverting.csproj", "{C5B86050-E2FD-428C-AED0-8CF3C7ED9AED}"
EndProject
Project("{9A19103F-16F7-4668-BE54-9A1E7A4F7556}") = "HandlingExceptions", "HandlingExceptions\HandlingExceptions.csproj", "{AE1E7C94-0C40-483D-9F44-44420DB34E0B}"
EndProject
Project("{FAE04EC0-301F-11D3-BF4B-00C04F79EFBC}") = "PracticeExceptionHandling", "PracticeExceptionHandling\PracticeExceptionHandling.csproj", "{CF69E1F2-0D4A-45D2-8403-7796098204DD}"
EndProject
Global
	GlobalSection(SolutionConfigurationPlatforms) = preSolution
		Debug|Any CPU = Debug|Any CPU
		Release|Any CPU = Release|Any CPU
	EndGlobalSection
	GlobalSection(ProjectConfigurationPlatforms) = postSolution
		{FEC281B0-6A5C-4B79-A8E6-311F8DCBB374}.Debug|Any CPU.ActiveCfg = Debug|Any CPU
		{FEC281B0-6A5C-4B79-A8E6-311F8DCBB374}.Debug|Any CPU.Build.0 = Debug|Any CPU
		{FEC281B0-6A5C-4B79-A8E6-311F8DCBB374}.Release|Any CPU.ActiveCfg = Release|Any CPU
		{FEC281B0-6A5C-4B79-A8E6-311F8DCBB374}.Release|Any CPU.Build.0 = Release|Any CPU
		{BDC4242B-CBBC-46DE-AEA3-C3BED0F69E95}.Debug|Any CPU.ActiveCfg = Debug|Any CPU
		{BDC4242B-CBBC-46DE-AEA3-C3BED0F69E95}.Debug|Any CPU.Build.0 = Debug|Any CPU
		{BDC4242B-CBBC-46DE-AEA3-C3BED0F69E95}.Release|Any CPU.ActiveCfg = Release|Any CPU
		{BDC4242B-CBBC-46DE-AEA3-C3BED0F69E95}.Release|Any CPU.Build.0 = Release|Any CPU
		{C05FB1FE-3E52-45ED-9034-09333FBBD746}.Debug|Any CPU.ActiveCfg = Debug|Any CPU
		{C05FB1FE-3E52-45ED-9034-09333FBBD746}.Debug|Any CPU.Build.0 = Debug|Any CPU
		{C05FB1FE-3E52-45ED-9034-09333FBBD746}.Release|Any CPU.ActiveCfg = Release|Any CPU
		{C05FB1FE-3E52-45ED-9034-09333FBBD746}.Release|Any CPU.Build.0 = Release|Any CPU
		{88D2ED6E-04DE-453F-9CD0-2A19F4E27BA4}.Debug|Any CPU.ActiveCfg = Debug|Any CPU
		{88D2ED6E-04DE-453F-9CD0-2A19F4E27BA4}.Debug|Any CPU.Build.0 = Debug|Any CPU
		{88D2ED6E-04DE-453F-9CD0-2A19F4E27BA4}.Release|Any CPU.ActiveCfg = Release|Any CPU
		{88D2ED6E-04DE-453F-9CD0-2A19F4E27BA4}.Release|Any CPU.Build.0 = Release|Any CPU
		{767771FF-0E2B-4A47-87AA-96798D2006ED}.Debug|Any CPU.ActiveCfg = Debug|Any CPU
		{767771FF-0E2B-4A47-87AA-96798D2006ED}.Debug|Any CPU.Build.0 = Debug|Any CPU
		{767771FF-0E2B-4A47-87AA-96798D2006ED}.Release|Any CPU.ActiveCfg = Release|Any CPU
		{767771FF-0E2B-4A47-87AA-96798D2006ED}.Release|Any CPU.Build.0 = Release|Any CPU
		{C5B86050-E2FD-428C-AED0-8CF3C7ED9AED}.Debug|Any CPU.ActiveCfg = Debug|Any CPU
		{C5B86050-E2FD-428C-AED0-8CF3C7ED9AED}.Debug|Any CPU.Build.0 = Debug|Any CPU
		{C5B86050-E2FD-428C-AED0-8CF3C7ED9AED}.Release|Any CPU.ActiveCfg = Release|Any CPU
		{C5B86050-E2FD-428C-AED0-8CF3C7ED9AED}.Release|Any CPU.Build.0 = Release|Any CPU
		{AE1E7C94-0C40-483D-9F44-44420DB34E0B}.Debug|Any CPU.ActiveCfg = Debug|Any CPU
		{AE1E7C94-0C40-483D-9F44-44420DB34E0B}.Debug|Any CPU.Build.0 = Debug|Any CPU
		{AE1E7C94-0C40-483D-9F44-44420DB34E0B}.Release|Any CPU.ActiveCfg = Release|Any CPU
		{AE1E7C94-0C40-483D-9F44-44420DB34E0B}.Release|Any CPU.Build.0 = Release|Any CPU
		{CF69E1F2-0D4A-45D2-8403-7796098204DD}.Debug|Any CPU.ActiveCfg = Debug|Any CPU
		{CF69E1F2-0D4A-45D2-8403-7796098204DD}.Debug|Any CPU.Build.0 = Debug|Any CPU
		{CF69E1F2-0D4A-45D2-8403-7796098204DD}.Release|Any CPU.ActiveCfg = Release|Any CPU
		{CF69E1F2-0D4A-45D2-8403-7796098204DD}.Release|Any CPU.Build.0 = Release|Any CPU
	EndGlobalSection
	GlobalSection(SolutionProperties) = preSolution
		HideSolutionNode = FALSE
	EndGlobalSection
	GlobalSection(ExtensibilityGlobals) = postSolution
		SolutionGuid = {3CDD04AA-B2F0-413C-9CB0-23B24D3B7E52}
	EndGlobalSection
EndGlobal
